# THIS IS AN AUTOGENERATED FILE. DO NOT EDIT THIS FILE DIRECTLY.
# yarn lockfile v1


"@types/lodash@^4.14.66":
  version "4.14.66"
  resolved "https://registry.yarnpkg.com/@types/lodash/-/lodash-4.14.66.tgz#3dbb83477becf130611f8fac82a8fdb199805981"

lodash@^4.17.4:
  version "4.17.4"
  resolved "https://registry.yarnpkg.com/lodash/-/lodash-4.17.4.tgz#78203a4d1c328ae1d86dca6460e369b57f4055ae"

normalizr@^3.2.3:
  version "3.2.3"
  resolved "https://registry.yarnpkg.com/normalizr/-/normalizr-3.2.3.tgz#88755c64de418b040fa6ad1329b2de5c3250ac49"

typescript@^2.3.4:
  version "2.3.4"
  resolved "https://registry.yarnpkg.com/typescript/-/typescript-2.3.4.tgz#3d38321828231e434f287514959c37a82b629f42"

vue@^2.3.4:
  version "2.3.4"
  resolved "https://registry.yarnpkg.com/vue/-/vue-2.3.4.tgz#5ec3b87a191da8090bbef56b7cfabd4158038171"

vuex@^2.3.1:
  version "2.3.1"
  resolved "https://registry.yarnpkg.com/vuex/-/vuex-2.3.1.tgz#cde8e997c1f9957719bc7dea154f9aa691d981a6"
